// !$*UTF8*$!
{
	archiveVersion = 1;
	classes = {
	};
	objectVersion = 48;
	objects = {

/* Begin PBXBuildFile section */
		38A51F631EE7E5DC000560EE /* AppDelegate.m in Sources */ = {isa = PBXBuildFile; fileRef = 38A51F621EE7E5DC000560EE /* AppDelegate.m */; };
		38A51F661EE7E5DC000560EE /* ViewController.m in Sources */ = {isa = PBXBuildFile; fileRef = 38A51F651EE7E5DC000560EE /* ViewController.m */; };
		38A51F691EE7E5DC000560EE /* Main.storyboard in Resources */ = {isa = PBXBuildFile; fileRef = 38A51F671EE7E5DC000560EE /* Main.storyboard */; };
		38A51F6C1EE7E5DC000560EE /* testNFC.xcdatamodeld in Sources */ = {isa = PBXBuildFile; fileRef = 38A51F6A1EE7E5DC000560EE /* testNFC.xcdatamodeld */; };
		38A51F6E1EE7E5DC000560EE /* Assets.xcassets in Resources */ = {isa = PBXBuildFile; fileRef = 38A51F6D1EE7E5DC000560EE /* Assets.xcassets */; };
		38A51F711EE7E5DC000560EE /* LaunchScreen.storyboard in Resources */ = {isa = PBXBuildFile; fileRef = 38A51F6F1EE7E5DC000560EE /* LaunchScreen.storyboard */; };
		38A51F741EE7E5DC000560EE /* main.m in Sources */ = {isa = PBXBuildFile; fileRef = 38A51F731EE7E5DC000560EE /* main.m */; };
/* End PBXBuildFile section */

/* Begin PBXFileReference section */
		38A51F5E1EE7E5DC000560EE /* testNFC.app */ = {isa = PBXFileReference; explicitFileType = wrapper.application; includeInIndex = 0; path = testNFC.app; sourceTree = BUILT_PRODUCTS_DIR; };
		38A51F611EE7E5DC000560EE /* AppDelegate.h */ = {isa = PBXFileReference; lastKnownFileType = sourcecode.c.h; path = AppDelegate.h; sourceTree = "<group>"; };
		38A51F621EE7E5DC000560EE /* AppDelegate.m */ = {isa = PBXFileReference; lastKnownFileType = sourcecode.c.objc; path = AppDelegate.m; sourceTree = "<group>"; };
		38A51F641EE7E5DC000560EE /* ViewController.h */ = {isa = PBXFileReference; lastKnownFileType = sourcecode.c.h; path = ViewController.h; sourceTree = "<group>"; };
		38A51F651EE7E5DC000560EE /* ViewController.m */ = {isa = PBXFileReference; lastKnownFileType = sourcecode.c.objc; path = ViewController.m; sourceTree = "<group>"; };
		38A51F681EE7E5DC000560EE /* Base */ = {isa = PBXFileReference; lastKnownFileType = file.storyboard; name = Base; path = Base.lproj/Main.storyboard; sourceTree = "<group>"; };
		38A51F6B1EE7E5DC000560EE /* testNFC.xcdatamodel */ = {isa = PBXFileReference; lastKnownFileType = wrapper.xcdatamodel; path = testNFC.xcdatamodel; sourceTree = "<group>"; };
		38A51F6D1EE7E5DC000560EE /* Assets.xcassets */ = {isa = PBXFileReference; lastKnownFileType = folder.assetcatalog; path = Assets.xcassets; sourceTree = "<group>"; };
		38A51F701EE7E5DC000560EE /* Base */ = {isa = PBXFileReference; lastKnownFileType = file.storyboard; name = Base; path = Base.lproj/LaunchScreen.storyboard; sourceTree = "<group>"; };
		38A51F721EE7E5DC000560EE /* Info.plist */ = {isa = PBXFileReference; lastKnownFileType = text.plist.xml; path = Info.plist; sourceTree = "<group>"; };
		38A51F731EE7E5DC000560EE /* main.m */ = {isa = PBXFileReference; lastKnownFileType = sourcecode.c.objc; path = main.m; sourceTree = "<group>"; };
/* End PBXFileReference section */

/* Begin PBXFrameworksBuildPhase section */
		38A51F5B1EE7E5DC000560EE /* Frameworks */ = {
			isa = PBXFrameworksBuildPhase;
			buildActionMask = 2147483647;
			files = (
			);
			runOnlyForDeploymentPostprocessing = 0;
		};
/* End PBXFrameworksBuildPhase section */

/* Begin PBXGroup section */
		38A51F551EE7E5DC000560EE = {
			isa = PBXGroup;
			children = (
				38A51F601EE7E5DC000560EE /* testNFC */,
				38A51F5F1EE7E5DC000560EE /* Products */,
			);
			sourceTree = "<group>";
		};
		38A51F5F1EE7E5DC000560EE /* Products */ = {
			isa = PBXGroup;
			children = (
				38A51F5E1EE7E5DC000560EE /* testNFC.app */,
			);
			name = Products;
			sourceTree = "<group>";
		};
		38A51F601EE7E5DC000560EE /* testNFC */ = {
			isa = PBXGroup;
			children = (
				38A51F611EE7E5DC000560EE /* AppDelegate.h */,
				38A51F621EE7E5DC000560EE /* AppDelegate.m */,
				38A51F641EE7E5DC000560EE /* ViewController.h */,
				38A51F651EE7E5DC000560EE /* ViewController.m */,
				38A51F671EE7E5DC000560EE /* Main.storyboard */,
				38A51F6D1EE7E5DC000560EE /* Assets.xcassets */,
				38A51F6F1EE7E5DC000560EE /* LaunchScreen.storyboard */,
				38A51F721EE7E5DC000560EE /* Info.plist */,
				38A51F731EE7E5DC000560EE /* main.m */,
				38A51F6A1EE7E5DC000560EE /* testNFC.xcdatamodeld */,
			);
			path = testNFC;
			sourceTree = "<group>";
		};
/* End PBXGroup section */

/* Begin PBXNativeTarget section */
		38A51F5D1EE7E5DC000560EE /* testNFC */ = {
			isa = PBXNativeTarget;
			buildConfigurationList = 38A51F771EE7E5DC000560EE /* Build configuration list for PBXNativeTarget "testNFC" */;
			buildPhases = (
				38A51F5A1EE7E5DC000560EE /* Sources */,
				38A51F5B1EE7E5DC000560EE /* Frameworks */,
				38A51F5C1EE7E5DC000560EE /* Resources */,
			);
			buildRules = (
			);
			dependencies = (
			);
			name = testNFC;
			productName = testNFC;
			productReference = 38A51F5E1EE7E5DC000560EE /* testNFC.app */;
			productType = "com.apple.product-type.application";
		};
/* End PBXNativeTarget section */

/* Begin PBXProject section */
		38A51F561EE7E5DC000560EE /* Project object */ = {
			isa = PBXProject;
			attributes = {
				LastUpgradeCheck = 0900;
				ORGANIZATIONNAME = "Matjaž Munda";
				TargetAttributes = {
					38A51F5D1EE7E5DC000560EE = {
						CreatedOnToolsVersion = 9.0;
					};
				};
			};
			buildConfigurationList = 38A51F591EE7E5DC000560EE /* Build configuration list for PBXProject "testNFC" */;
			compatibilityVersion = "Xcode 8.0";
			developmentRegion = en;
			hasScannedForEncodings = 0;
			knownRegions = (
				en,
				Base,
			);
			mainGroup = 38A51F551EE7E5DC000560EE;
			productRefGroup = 38A51F5F1EE7E5DC000560EE /* Products */;
			projectDirPath = "";
			projectRoot = "";
			targets = (
				38A51F5D1EE7E5DC000560EE /* testNFC */,
			);
		};
/* End PBXProject section */

/* Begin PBXResourcesBuildPhase section */
		38A51F5C1EE7E5DC000560EE /* Resources */ = {
			isa = PBXResourcesBuildPhase;
			buildActionMask = 2147483647;
			files = (
				38A51F711EE7E5DC000560EE /* LaunchScreen.storyboard in Resources */,
				38A51F6E1EE7E5DC000560EE /* Assets.xcassets in Resources */,
				38A51F691EE7E5DC000560EE /* Main.storyboard in Resources */,
			);
			runOnlyForDeploymentPostprocessing = 0;
		};
/* End PBXResourcesBuildPhase section */

/* Begin PBXSourcesBuildPhase section */
		38A51F5A1EE7E5DC000560EE /* Sources */ = {
			isa = PBXSourcesBuildPhase;
			buildActionMask = 2147483647;
			files = (
				38A51F661EE7E5DC000560EE /* ViewController.m in Sources */,
				38A51F631EE7E5DC000560EE /* AppDelegate.m in Sources */,
				38A51F741EE7E5DC000560EE /* main.m in Sources */,
				38A51F6C1EE7E5DC000560EE /* testNFC.xcdatamodeld in Sources */,
			);
			runOnlyForDeploymentPostprocessing = 0;
		};
/* End PBXSourcesBuildPhase section */

/* Begin PBXVariantGroup section */
		38A51F671EE7E5DC000560EE /* Main.storyboard */ = {
			isa = PBXVariantGroup;
			children = (
				38A51F681EE7E5DC000560EE /* Base */,
			);
			name = Main.storyboard;
			sourceTree = "<group>";
		};
		38A51F6F1EE7E5DC000560EE /* LaunchScreen.storyboard */ = {
			isa = PBXVariantGroup;
			children = (
				38A51F701EE7E5DC000560EE /* Base */,
			);
			name = LaunchScreen.storyboard;
			sourceTree = "<group>";
		};
/* End PBXVariantGroup section */

/* Begin XCBuildConfiguration section */
		38A51F751EE7E5DC000560EE /* Debug */ = {
			isa = XCBuildConfiguration;
			buildSettings = {
				ALWAYS_SEARCH_USER_PATHS = NO;
				CLANG_ANALYZER_NONNULL = YES;
				CLANG_ANALYZER_NUMBER_OBJECT_CONVERSION = YES_AGGRESSIVE;
				CLANG_CXX_LANGUAGE_STANDARD = "gnu++14";
				CLANG_CXX_LIBRARY = "libc++";
				CLANG_ENABLE_MODULES = YES;
				CLANG_ENABLE_OBJC_ARC = YES;
				CLANG_WARN_BLOCK_CAPTURE_AUTORELEASING = YES;
				CLANG_WARN_BOOL_CONVERSION = YES;
				CLANG_WARN_COMMA = YES;
				CLANG_WARN_CONSTANT_CONVERSION = YES;
				CLANG_WARN_DIRECT_OBJC_ISA_USAGE = YES_ERROR;
				CLANG_WARN_DOCUMENTATION_COMMENTS = YES;
				CLANG_WARN_EMPTY_BODY = YES;
				CLANG_WARN_ENUM_CONVERSION = YES;
				CLANG_WARN_INFINITE_RECURSION = YES;
				CLANG_WARN_INT_CONVERSION = YES;
				CLANG_WARN_OBJC_ROOT_CLASS = YES_ERROR;
				CLANG_WARN_RANGE_LOOP_ANALYSIS = YES;
				CLANG_WARN_STRICT_PROTOTYPES = YES;
				CLANG_WARN_SUSPICIOUS_MOVE = YES;
				CLANG_WARN_UNGUARDED_AVAILABILITY = YES_AGGRESSIVE;
				CLANG_WARN_UNREACHABLE_CODE = YES;
				CLANG_WARN__DUPLICATE_METHOD_MATCH = YES;
				CODE_SIGN_IDENTITY = "iPhone Developer";
				COPY_PHASE_STRIP = NO;
				DEBUG_INFORMATION_FORMAT = dwarf;
				ENABLE_STRICT_OBJC_MSGSEND = YES;
				ENABLE_TESTABILITY = YES;
				GCC_C_LANGUAGE_STANDARD = gnu11;
				GCC_DYNAMIC_NO_PIC = NO;
				GCC_NO_COMMON_BLOCKS = YES;
				GCC_OPTIMIZATION_LEVEL = 0;
				GCC_PREPROCESSOR_DEFINITIONS = (
					"DEBUG=1",
					"$(inherited)",
				);
				GCC_WARN_64_TO_32_BIT_CONVERSION = YES;
				GCC_WARN_ABOUT_RETURN_TYPE = YES_ERROR;
				GCC_WARN_UNDECLARED_SELECTOR = YES;
				GCC_WARN_UNINITIALIZED_AUTOS = YES_AGGRESSIVE;
				GCC_WARN_UNUSED_FUNCTION = YES;
				GCC_WARN_UNUSED_VARIABLE = YES;
				IPHONEOS_DEPLOYMENT_TARGET = 11.0;
				MTL_ENABLE_DEBUG_INFO = YES;
				ONLY_ACTIVE_ARCH = YES;
				SDKROOT = iphoneos;
			};
			name = Debug;
		};
		38A51F761EE7E5DC000560EE /* Release */ = {
			isa = XCBuildConfiguration;
			buildSettings = {
				ALWAYS_SEARCH_USER_PATHS = NO;
				CLANG_ANALYZER_NONNULL = YES;
				CLANG_ANALYZER_NUMBER_OBJECT_CONVERSION = YES_AGGRESSIVE;
				CLANG_CXX_LANGUAGE_STANDARD = "gnu++14";
				CLANG_CXX_LIBRARY = "libc++";
				CLANG_ENABLE_MODULES = YES;
				CLANG_ENABLE_OBJC_ARC = YES;
				CLANG_WARN_BLOCK_CAPTURE_AUTORELEASING = YES;
				CLANG_WARN_BOOL_CONVERSION = YES;
				CLANG_WARN_COMMA = YES;
				CLANG_WARN_CONSTANT_CONVERSION = YES;
				CLANG_WARN_DIRECT_OBJC_ISA_USAGE = YES_ERROR;
				CLANG_WARN_DOCUMENTATION_COMMENTS = YES;
				CLANG_WARN_EMPTY_BODY = YES;
				CLANG_WARN_ENUM_CONVERSION = YES;
				CLANG_WARN_INFINITE_RECURSION = YES;
				CLANG_WARN_INT_CONVERSION = YES;
				CLANG_WARN_OBJC_ROOT_CLASS = YES_ERROR;
				CLANG_WARN_RANGE_LOOP_ANALYSIS = YES;
				CLANG_WARN_STRICT_PROTOTYPES = YES;
				CLANG_WARN_SUSPICIOUS_MOVE = YES;
				CLANG_WARN_UNGUARDED_AVAILABILITY = YES_AGGRESSIVE;
				CLANG_WARN_UNREACHABLE_CODE = YES;
				CLANG_WARN__DUPLICATE_METHOD_MATCH = YES;
				CODE_SIGN_IDENTITY = "iPhone Developer";
				COPY_PHASE_STRIP = NO;
				DEBUG_INFORMATION_FORMAT = "dwarf-with-dsym";
				ENABLE_NS_ASSERTIONS = NO;
				ENABLE_STRICT_OBJC_MSGSEND = YES;
				GCC_C_LANGUAGE_STANDARD = gnu11;
				GCC_NO_COMMON_BLOCKS = YES;
				GCC_WARN_64_TO_32_BIT_CONVERSION = YES;
				GCC_WARN_ABOUT_RETURN_TYPE = YES_ERROR;
				GCC_WARN_UNDECLARED_SELECTOR = YES;
				GCC_WARN_UNINITIALIZED_AUTOS = YES_AGGRESSIVE;
				GCC_WARN_UNUSED_FUNCTION = YES;
				GCC_WARN_UNUSED_VARIABLE = YES;
				IPHONEOS_DEPLOYMENT_TARGET = 11.0;
				MTL_ENABLE_DEBUG_INFO = NO;
				SDKROOT = iphoneos;
				VALIDATE_PRODUCT = YES;
			};
			name = Release;
		};
		38A51F781EE7E5DC000560EE /* Debug */ = {
			isa = XCBuildConfiguration;
			buildSettings = {
				ASSETCATALOG_COMPILER_APPICON_NAME = AppIcon;
				DEVELOPMENT_TEAM = RXQYSEQFQ9;
				INFOPLIST_FILE = testNFC/Info.plist;
				LD_RUNPATH_SEARCH_PATHS = "$(inherited) @executable_path/Frameworks";
				PRODUCT_BUNDLE_IDENTIFIER = com.saltoplus.testNFC;
				PRODUCT_NAME = "$(TARGET_NAME)";
				TARGETED_DEVICE_FAMILY = "1,2";
			};
			name = Debug;
		};
		38A51F791EE7E5DC000560EE /* Release */ = {
			isa = XCBuildConfiguration;
			buildSettings = {
				ASSETCATALOG_COMPILER_APPICON_NAME = AppIcon;
				DEVELOPMENT_TEAM = RXQYSEQFQ9;
				INFOPLIST_FILE = testNFC/Info.plist;
				LD_RUNPATH_SEARCH_PATHS = "$(inherited) @executable_path/Frameworks";
				PRODUCT_BUNDLE_IDENTIFIER = com.saltoplus.testNFC;
				PRODUCT_NAME = "$(TARGET_NAME)";
				TARGETED_DEVICE_FAMILY = "1,2";
			};
			name = Release;
		};
/* End XCBuildConfiguration section */

/* Begin XCConfigurationList section */
		38A51F591EE7E5DC000560EE /* Build configuration list for PBXProject "testNFC" */ = {
			isa = XCConfigurationList;
			buildConfigurations = (
				38A51F751EE7E5DC000560EE /* Debug */,
				38A51F761EE7E5DC000560EE /* Release */,
			);
			defaultConfigurationIsVisible = 0;
			defaultConfigurationName = Release;
		};
		38A51F771EE7E5DC000560EE /* Build configuration list for PBXNativeTarget "testNFC" */ = {
			isa = XCConfigurationList;
			buildConfigurations = (
				38A51F781EE7E5DC000560EE /* Debug */,
				38A51F791EE7E5DC000560EE /* Release */,
			);
			defaultConfigurationIsVisible = 0;
		};
/* End XCConfigurationList section */

/* Begin XCVersionGroup section */
		38A51F6A1EE7E5DC000560EE /* testNFC.xcdatamodeld */ = {
			isa = XCVersionGroup;
			children = (
				38A51F6B1EE7E5DC000560EE /* testNFC.xcdatamodel */,
			);
			currentVersion = 38A51F6B1EE7E5DC000560EE /* testNFC.xcdatamodel */;
			path = testNFC.xcdatamodeld;
			sourceTree = "<group>";
			versionGroupType = wrapper.xcdatamodel;
		};
/* End XCVersionGroup section */
	};
	rootObject = 38A51F561EE7E5DC000560EE /* Project object */;
}
